
Microsoft Visual Studio Solution File, Format Version 12.00
# Visual Studio 15
Project("{FAE04EC0-301F-11D3-BF4B-00C04F79EFBC}") = "VuforiaScripts", "VuforiaScripts.csproj", "{CEE1B7B8-FDCE-F49E-28F1-2170DD4D6AF9}"
EndProject
Project("{FAE04EC0-301F-11D3-BF4B-00C04F79EFBC}") = "VuforiaEditorScripts", "VuforiaEditorScripts.csproj", "{0768F718-F568-3B1D-8FB6-31C9B66BF239}"
EndProject
Global
	GlobalSection(SolutionConfigurationPlatforms) = preSolution
		Debug|Any CPU = Debug|Any CPU
		Release|Any CPU = Release|Any CPU
	EndGlobalSection
	GlobalSection(ProjectConfigurationPlatforms) = postSolution
		{CEE1B7B8-FDCE-F49E-28F1-2170DD4D6AF9}.Debug|Any CPU.ActiveCfg = Debug|Any CPU
		{CEE1B7B8-FDCE-F49E-28F1-2170DD4D6AF9}.Debug|Any CPU.Build.0 = Debug|Any CPU
		{CEE1B7B8-FDCE-F49E-28F1-2170DD4D6AF9}.Release|Any CPU.ActiveCfg = Release|Any CPU
		{CEE1B7B8-FDCE-F49E-28F1-2170DD4D6AF9}.Release|Any CPU.Build.0 = Release|Any CPU
		{0768F718-F568-3B1D-8FB6-31C9B66BF239}.Debug|Any CPU.ActiveCfg = Debug|Any CPU
		{0768F718-F568-3B1D-8FB6-31C9B66BF239}.Debug|Any CPU.Build.0 = Debug|Any CPU
		{0768F718-F568-3B1D-8FB6-31C9B66BF239}.Release|Any CPU.ActiveCfg = Release|Any CPU
		{0768F718-F568-3B1D-8FB6-31C9B66BF239}.Release|Any CPU.Build.0 = Release|Any CPU
	EndGlobalSection
	GlobalSection(SolutionProperties) = preSolution
		HideSolutionNode = FALSE
	EndGlobalSection
EndGlobal
